
Microsoft Visual Studio Solution File, Format Version 12.00
# Visual Studio Version 16
VisualStudioVersion = 16.0.29519.181
MinimumVisualStudioVersion = 10.0.40219.1
Project("{FAE04EC0-301F-11D3-BF4B-00C04F79EFBC}") = "ProyectoFinal", "ProyectoFinal.csproj", "{0E2A0BC7-2233-40FD-8C9F-B2B683D682ED}"
EndProject
Global
	GlobalSection(SolutionConfigurationPlatforms) = preSolution
		Debug|Any CPU = Debug|Any CPU
		Release|Any CPU = Release|Any CPU
	EndGlobalSection
	GlobalSection(ProjectConfigurationPlatforms) = postSolution
		{0E2A0BC7-2233-40FD-8C9F-B2B683D682ED}.Debug|Any CPU.ActiveCfg = Debug|Any CPU
		{0E2A0BC7-2233-40FD-8C9F-B2B683D682ED}.Debug|Any CPU.Build.0 = Debug|Any CPU
		{0E2A0BC7-2233-40FD-8C9F-B2B683D682ED}.Release|Any CPU.ActiveCfg = Release|Any CPU
		{0E2A0BC7-2233-40FD-8C9F-B2B683D682ED}.Release|Any CPU.Build.0 = Release|Any CPU
	EndGlobalSection
	GlobalSection(SolutionProperties) = preSolution
		HideSolutionNode = FALSE
	EndGlobalSection
	GlobalSection(ExtensibilityGlobals) = postSolution
		SolutionGuid = {0E3B0D10-65DA-4C51-92FD-EC0F416D4672}
	EndGlobalSection
EndGlobal
